# This file is automatically @generated by Cargo.
# It is not intended for manual editing.
version = 3

[[package]]
name = "aead"
version = "0.3.2"
source = "registry+https://github.com/rust-lang/crates.io-index"
checksum = "7fc95d1bdb8e6666b2b217308eeeb09f2d6728d104be3e31916cc74d15420331"
dependencies = [
 "generic-array",
]

[[package]]
name = "aes"
version = "0.6.0"
source = "registry+https://github.com/rust-lang/crates.io-index"
checksum = "884391ef1066acaa41e766ba8f596341b96e93ce34f9a43e7d24bf0a0eaf0561"
dependencies = [
 "aes-soft",
 "aesni",
 "cipher",
]

[[package]]
name = "aes-gcm"
version = "0.8.0"
source = "registry+https://github.com/rust-lang/crates.io-index"
checksum = "5278b5fabbb9bd46e24aa69b2fdea62c99088e0a950a9be40e3e0101298f88da"
dependencies = [
 "aead",
 "aes",
 "cipher",
 "ctr",
 "ghash",
 "subtle",
]

[[package]]
name = "aes-soft"
version = "0.6.4"
source = "registry+https://github.com/rust-lang/crates.io-index"
checksum = "be14c7498ea50828a38d0e24a765ed2effe92a705885b57d029cd67d45744072"
dependencies = [
 "cipher",
 "opaque-debug",
]

[[package]]
name = "aesni"
version = "0.10.0"
source = "registry+https://github.com/rust-lang/crates.io-index"
checksum = "ea2e11f5e94c2f7d386164cc2aa1f97823fed6f259e486940a71c174dd01b0ce"
dependencies = [
 "cipher",
 "opaque-debug",
]

[[package]]
name = "ansi_term"
version = "0.12.1"
source = "registry+https://github.com/rust-lang/crates.io-index"
checksum = "d52a9bb7ec0cf484c551830a7ce27bd20d67eac647e1befb56b0be4ee39a55d2"
dependencies = [
 "winapi",
]

[[package]]
name = "anyhow"
version = "1.0.63"
source = "registry+https://github.com/rust-lang/crates.io-index"
checksum = "a26fa4d7e3f2eebadf743988fc8aec9fa9a9e82611acafd77c1462ed6262440a"

[[package]]
name = "approx"
version = "0.1.1"
source = "registry+https://github.com/rust-lang/crates.io-index"
checksum = "08abcc3b4e9339e33a3d0a5ed15d84a687350c05689d825e0f6655eef9e76a94"

[[package]]
name = "approx"
version = "0.4.0"
source = "registry+https://github.com/rust-lang/crates.io-index"
checksum = "3f2a05fd1bd10b2527e20a2cd32d8873d115b8b39fe219ee25f42a8aca6ba278"
dependencies = [
 "num-traits 0.2.15",
]

[[package]]
name = "approx"
version = "0.5.1"
source = "registry+https://github.com/rust-lang/crates.io-index"
checksum = "cab112f0a86d568ea0e627cc1d6be74a1e9cd55214684db5561995f6dad897c6"
dependencies = [
 "num-traits 0.2.15",
]

[[package]]
name = "arrayref"
version = "0.3.7"
source = "registry+https://github.com/rust-lang/crates.io-index"
checksum = "6b4930d2cb77ce62f89ee5d5289b4ac049559b1c45539271f5ed4fdc7db34545"

[[package]]
name = "arrayvec"
version = "0.7.2"
source = "registry+https://github.com/rust-lang/crates.io-index"
checksum = "8da52d66c7071e2e3fa2a1e5c6d088fec47b593032b254f5e980de8ea54454d6"

[[package]]
name = "atty"
version = "0.2.14"
source = "registry+https://github.com/rust-lang/crates.io-index"
checksum = "d9b39be18770d11421cdb1b9947a45dd3f37e93092cbf377614828a319d5fee8"
dependencies = [
 "hermit-abi",
 "libc",
 "winapi",
]

[[package]]
name = "autocfg"
version = "1.1.0"
source = "registry+https://github.com/rust-lang/crates.io-index"
checksum = "d468802bab17cbc0cc575e9b053f41e72aa36bfa6b7f55e3529ffa43161b97fa"

[[package]]
name = "base16ct"
version = "0.1.1"
source = "registry+https://github.com/rust-lang/crates.io-index"
checksum = "349a06037c7bf932dd7e7d1f653678b2038b9ad46a74102f1fc7bd7872678cce"

[[package]]
name = "bitflags"
version = "1.3.2"
source = "registry+https://github.com/rust-lang/crates.io-index"
checksum = "bef38d45163c2f1dde094a7dfd33ccf595c92905c8f8f4fdc18d06fb1037718a"

[[package]]
name = "bitvec"
version = "0.20.4"
source = "registry+https://github.com/rust-lang/crates.io-index"
checksum = "7774144344a4faa177370406a7ff5f1da24303817368584c6206c8303eb07848"
dependencies = [
 "funty",
 "radium",
 "tap",
 "wyz",
]

[[package]]
name = "block-buffer"
version = "0.9.0"
source = "registry+https://github.com/rust-lang/crates.io-index"
checksum = "4152116fd6e9dadb291ae18fc1ec3575ed6d84c29642d97890f4b4a3417297e4"
dependencies = [
 "generic-array",
]

[[package]]
name = "byte-slice-cast"
version = "1.2.1"
source = "registry+https://github.com/rust-lang/crates.io-index"
checksum = "87c5fdd0166095e1d463fc6cc01aa8ce547ad77a4e84d42eb6762b084e28067e"

[[package]]
name = "byteorder"
version = "1.4.3"
source = "registry+https://github.com/rust-lang/crates.io-index"
checksum = "14c189c53d098945499cdfa7ecc63567cf3886b3332b312a5b4585d8d3a6a610"

[[package]]
name = "cfg-if"
version = "1.0.0"
source = "registry+https://github.com/rust-lang/crates.io-index"
checksum = "baf1de4339761588bc0619e3cbc0120ee582ebb74b53b4efbf79117bd2da40fd"

[[package]]
name = "cgmath"
version = "0.16.1"
source = "registry+https://github.com/rust-lang/crates.io-index"
checksum = "64a4b57c8f4e3a2e9ac07e0f6abc9c24b6fc9e1b54c3478cfb598f3d0023e51c"
dependencies = [
 "approx 0.1.1",
 "mint",
 "num-traits 0.1.43",
 "rand 0.4.6",
]

[[package]]
name = "cgmath"
version = "0.18.0"
source = "registry+https://github.com/rust-lang/crates.io-index"
checksum = "1a98d30140e3296250832bbaaff83b27dcd6fa3cc70fb6f1f3e5c9c0023b5317"
dependencies = [
 "approx 0.4.0",
 "num-traits 0.2.15",
]

[[package]]
name = "cgmath"
version = "0.18.0"
source = "git+https://github.com/3Dpass/cgmath?branch=master#f8c9fa9f0bededc51102abb4e7305abeb98e69ac"
dependencies = [
 "approx 0.5.1",
 "num-traits 0.2.15",
]

[[package]]
name = "cipher"
version = "0.2.5"
source = "registry+https://github.com/rust-lang/crates.io-index"
checksum = "12f8e7987cbd042a63249497f41aed09f8e65add917ea6566effbc56578d6801"
dependencies = [
 "generic-array",
]

[[package]]
name = "clap"
version = "2.34.0"
source = "registry+https://github.com/rust-lang/crates.io-index"
checksum = "a0610544180c38b88101fecf2dd634b174a62eef6946f84dfc6a7127512b381c"
dependencies = [
 "ansi_term",
 "atty",
 "bitflags",
 "strsim",
 "textwrap",
 "unicode-width",
 "vec_map",
]

[[package]]
name = "core2"
version = "0.4.0"
source = "registry+https://github.com/rust-lang/crates.io-index"
checksum = "b49ba7ef1ad6107f8824dbe97de947cbaac53c44e7f9756a1fba0d37c1eec505"
dependencies = [
 "memchr",
]

[[package]]
name = "cpufeatures"
version = "0.2.4"
source = "registry+https://github.com/rust-lang/crates.io-index"
checksum = "dc948ebb96241bb40ab73effeb80d9f93afaad49359d159a5e61be51619fe813"
dependencies = [
 "libc",
]

[[package]]
name = "cpuid-bool"
version = "0.2.0"
source = "registry+https://github.com/rust-lang/crates.io-index"
checksum = "dcb25d077389e53838a8158c8e99174c5a9d902dee4904320db714f3c653ffba"

[[package]]
name = "crypto-mac"
version = "0.10.1"
source = "registry+https://github.com/rust-lang/crates.io-index"
checksum = "bff07008ec701e8028e2ceb8f83f0e4274ee62bd2dbdc4fefff2e9a91824081a"
dependencies = [
 "generic-array",
 "subtle",
]

[[package]]
name = "ctr"
version = "0.6.0"
source = "registry+https://github.com/rust-lang/crates.io-index"
checksum = "fb4a30d54f7443bf3d6191dcd486aca19e67cb3c49fa7a06a319966346707e7f"
dependencies = [
 "cipher",
]

[[package]]
name = "curve25519-dalek"
version = "3.2.0"
source = "registry+https://github.com/rust-lang/crates.io-index"
checksum = "0b9fdf9972b2bd6af2d913799d9ebc165ea4d2e65878e329d9c6b372c4491b61"
dependencies = [
 "byteorder",
 "digest",
 "rand_core 0.5.1",
 "subtle",
 "zeroize",
]

[[package]]
name = "curve25519-dalek-ng"
version = "4.1.1"
source = "registry+https://github.com/rust-lang/crates.io-index"
checksum = "1c359b7249347e46fb28804470d071c921156ad62b3eef5d34e2ba867533dec8"
dependencies = [
 "byteorder",
 "digest",
 "rand_core 0.6.3",
 "subtle-ng",
 "zeroize",
]

[[package]]
name = "digest"
version = "0.9.0"
source = "registry+https://github.com/rust-lang/crates.io-index"
checksum = "d3dd60d1080a57a05ab032377049e0591415d2b31afd7028356dbf3cc6dcb066"
dependencies = [
 "generic-array",
]

[[package]]
name = "ecies-ed25519"
version = "0.5.1"
source = "registry+https://github.com/rust-lang/crates.io-index"
checksum = "0a882353828f086290bedd0b598e18863a4d2135f8e632c4325ed89a4e5535db"
dependencies = [
 "aes-gcm",
 "curve25519-dalek",
 "digest",
 "hex",
 "hkdf",
 "rand 0.7.3",
 "sha2",
 "thiserror",
 "zeroize",
]

[[package]]
name = "fuchsia-cprng"
version = "0.1.1"
source = "registry+https://github.com/rust-lang/crates.io-index"
checksum = "a06f77d526c1a601b7c4cdd98f54b5eaabffc14d5f2f0296febdc7f357c6d3ba"

[[package]]
name = "funty"
version = "1.1.0"
source = "registry+https://github.com/rust-lang/crates.io-index"
checksum = "fed34cd105917e91daa4da6b3728c47b068749d6a62c59811f06ed2ac71d9da7"

[[package]]
name = "generic-array"
version = "0.14.6"
source = "registry+https://github.com/rust-lang/crates.io-index"
checksum = "bff49e947297f3312447abdca79f45f4738097cc82b06e72054d2223f601f1b9"
dependencies = [
 "typenum",
 "version_check",
]

[[package]]
name = "genmesh"
version = "0.6.2"
source = "registry+https://github.com/rust-lang/crates.io-index"
checksum = "093d52460513e54346e440eadad05a799378654001d7c3a384c3d1e59b5f1e9f"
dependencies = [
 "cgmath 0.16.1",
 "mint",
]

[[package]]
name = "getrandom"
version = "0.1.16"
source = "registry+https://github.com/rust-lang/crates.io-index"
checksum = "8fc3cb4d91f53b50155bdcfd23f6a4c39ae1969c2ae85982b135750cccaf5fce"
dependencies = [
 "cfg-if",
 "libc",
 "wasi 0.9.0+wasi-snapshot-preview1",
]

[[package]]
name = "getrandom"
version = "0.2.7"
source = "registry+https://github.com/rust-lang/crates.io-index"
checksum = "4eb1a864a501629691edf6c15a593b7a51eebaa1e8468e9ddc623de7c9b58ec6"
dependencies = [
 "cfg-if",
 "libc",
 "wasi 0.11.0+wasi-snapshot-preview1",
]

[[package]]
name = "ghash"
version = "0.3.1"
source = "registry+https://github.com/rust-lang/crates.io-index"
checksum = "97304e4cd182c3846f7575ced3890c53012ce534ad9114046b0a9e00bb30a375"
dependencies = [
 "opaque-debug",
 "polyval",
]

[[package]]
name = "heck"
version = "0.3.3"
source = "registry+https://github.com/rust-lang/crates.io-index"
checksum = "6d621efb26863f0e9924c6ac577e8275e5e6b77455db64ffa6c65c904e9e132c"
dependencies = [
 "unicode-segmentation",
]

[[package]]
name = "hermit-abi"
version = "0.1.19"
source = "registry+https://github.com/rust-lang/crates.io-index"
checksum = "62b467343b94ba476dcb2500d242dadbb39557df889310ac77c5d99100aaac33"
dependencies = [
 "libc",
]

[[package]]
name = "hex"
version = "0.4.3"
source = "registry+https://github.com/rust-lang/crates.io-index"
checksum = "7f24254aa9a54b5c858eaee2f5bccdb46aaf0e486a595ed5fd8f86ba55232a70"

[[package]]
name = "hkdf"
version = "0.10.0"
source = "registry+https://github.com/rust-lang/crates.io-index"
checksum = "51ab2f639c231793c5f6114bdb9bbe50a7dbbfcd7c7c6bd8475dec2d991e964f"
dependencies = [
 "digest",
 "hmac",
]

[[package]]
name = "hmac"
version = "0.10.1"
source = "registry+https://github.com/rust-lang/crates.io-index"
checksum = "c1441c6b1e930e2817404b5046f1f989899143a12bf92de603b69f4e0aee1e15"
dependencies = [
 "crypto-mac",
 "digest",
]

[[package]]
name = "impl-trait-for-tuples"
version = "0.2.2"
source = "registry+https://github.com/rust-lang/crates.io-index"
checksum = "11d7a9f6330b71fea57921c9b61c47ee6e84f72d394754eff6163ae67e7395eb"
dependencies = [
 "proc-macro2",
 "quote",
 "syn 1.0.99",
]

[[package]]
name = "keccak"
version = "0.1.2"
source = "registry+https://github.com/rust-lang/crates.io-index"
checksum = "f9b7d56ba4a8344d6be9729995e6b06f928af29998cdf79fe390cbf6b1fee838"

[[package]]
name = "lazy_static"
version = "1.4.0"
source = "registry+https://github.com/rust-lang/crates.io-index"
checksum = "e2abad23fbc42b3700f2f279844dc832adb2b2eb069b2df918f455c4e18cc646"

[[package]]
name = "lexical"
version = "6.1.1"
source = "registry+https://github.com/rust-lang/crates.io-index"
checksum = "c7aefb36fd43fef7003334742cbf77b243fcd36418a1d1bdd480d613a67968f6"
dependencies = [
 "lexical-core",
]

[[package]]
name = "lexical-core"
version = "0.8.5"
source = "registry+https://github.com/rust-lang/crates.io-index"
checksum = "2cde5de06e8d4c2faabc400238f9ae1c74d5412d03a7bd067645ccbc47070e46"
dependencies = [
 "lexical-util",
 "lexical-write-float",
 "lexical-write-integer",
]

[[package]]
name = "lexical-util"
version = "0.8.5"
source = "registry+https://github.com/rust-lang/crates.io-index"
checksum = "5255b9ff16ff898710eb9eb63cb39248ea8a5bb036bea8085b1a767ff6c4e3fc"
dependencies = [
 "static_assertions",
]

[[package]]
name = "lexical-write-float"
version = "0.8.5"
source = "registry+https://github.com/rust-lang/crates.io-index"
checksum = "accabaa1c4581f05a3923d1b4cfd124c329352288b7b9da09e766b0668116862"
dependencies = [
 "lexical-util",
 "lexical-write-integer",
 "static_assertions",
]

[[package]]
name = "lexical-write-integer"
version = "0.8.5"
source = "registry+https://github.com/rust-lang/crates.io-index"
checksum = "e1b6f3d1f4422866b68192d62f77bc5c700bee84f3069f2469d7bc8c77852446"
dependencies = [
 "lexical-util",
 "static_assertions",
]

[[package]]
name = "libc"
version = "0.2.132"
source = "registry+https://github.com/rust-lang/crates.io-index"
checksum = "8371e4e5341c3a96db127eb2465ac681ced4c433e01dd0e938adbef26ba93ba5"

[[package]]
name = "libm"
version = "0.1.4"
source = "registry+https://github.com/rust-lang/crates.io-index"
checksum = "7fc7aa29613bd6a620df431842069224d8bc9011086b1db4c0e0cd47fa03ec9a"

[[package]]
name = "libm"
version = "0.2.5"
source = "registry+https://github.com/rust-lang/crates.io-index"
checksum = "292a948cd991e376cf75541fe5b97a1081d713c618b4f1b9500f8844e49eb565"

[[package]]
name = "matrixmultiply"
version = "0.3.2"
source = "registry+https://github.com/rust-lang/crates.io-index"
checksum = "add85d4dd35074e6fedc608f8c8f513a3548619a9024b751949ef0e8e45a4d84"
dependencies = [
 "rawpointer",
]

[[package]]
name = "memchr"
version = "2.5.0"
source = "registry+https://github.com/rust-lang/crates.io-index"
checksum = "2dffe52ecf27772e601905b7522cb4ef790d2cc203488bbd0e2fe85fcb74566d"

[[package]]
name = "merlin"
version = "3.0.0"
source = "registry+https://github.com/rust-lang/crates.io-index"
checksum = "58c38e2799fc0978b65dfff8023ec7843e2330bb462f19198840b34b6582397d"
dependencies = [
 "byteorder",
 "keccak",
 "rand_core 0.6.3",
 "zeroize",
]

[[package]]
name = "mint"
version = "0.5.9"
source = "registry+https://github.com/rust-lang/crates.io-index"
checksum = "e53debba6bda7a793e5f99b8dacf19e626084f525f7829104ba9898f367d85ff"

[[package]]
name = "ndarray"
version = "0.15.4"
source = "git+https://github.com/3Dpass/ndarray?branch=dev#e1160f861bf1badbd80c0187e33390ba280c52e6"
dependencies = [
 "matrixmultiply",
 "num-complex",
 "num-integer",
 "num-traits 0.2.15",
 "rawpointer",
]

[[package]]
name = "num-complex"
version = "0.4.2"
source = "registry+https://github.com/rust-lang/crates.io-index"
checksum = "7ae39348c8bc5fbd7f40c727a9925f03517afd2ab27d46702108b6a7e5414c19"
dependencies = [
 "num-traits 0.2.15",
]

[[package]]
name = "num-integer"
version = "0.1.45"
source = "registry+https://github.com/rust-lang/crates.io-index"
checksum = "225d3389fb3509a24c93f5c29eb6bde2586b98d9f016636dff58d7c6f7569cd9"
dependencies = [
 "autocfg",
 "num-traits 0.2.15",
]

[[package]]
name = "num-traits"
version = "0.1.43"
source = "registry+https://github.com/rust-lang/crates.io-index"
checksum = "92e5113e9fd4cc14ded8e499429f396a20f98c772a47cc8622a736e1ec843c31"
dependencies = [
 "num-traits 0.2.15",
]

[[package]]
name = "num-traits"
version = "0.2.15"
source = "registry+https://github.com/rust-lang/crates.io-index"
checksum = "578ede34cf02f8924ab9447f50c28075b4d3e5b269972345e7e0372b38c6cdcd"
dependencies = [
 "autocfg",
 "libm 0.2.5",
]

[[package]]
name = "obj-rs"
version = "0.7.0"
source = "git+https://github.com/3Dpass/obj-rs?branch=dev#e2ce997504f2106ccdfc054490131a2501e59e00"
dependencies = [
 "anyhow",
 "core2",
 "num-traits 0.2.15",
]

[[package]]
name = "opaque-debug"
version = "0.3.0"
source = "registry+https://github.com/rust-lang/crates.io-index"
checksum = "624a8340c38c1b80fd549087862da4ba43e08858af025b236e509b6649fc13d5"

[[package]]
name = "order-stat"
version = "0.1.3"
source = "git+https://github.com/3Dpass/order-stat?branch=dev#c1c0d34fe4394f63f6e820993575c4b9dbc5464b"
dependencies = [
 "libm 0.2.5",
]

[[package]]
name = "p3d"
version = "0.3.3"
source = "git+https://github.com/3Dpass/p3d?tag=v0.6.3#39cd16488d271c8cc1352dbd1807b70e18cf0eba"
dependencies = [
 "base16ct",
 "cgmath 0.18.0 (git+https://github.com/3Dpass/cgmath?branch=master)",
 "libm 0.2.5",
 "ndarray",
 "obj-rs",
 "peroxide",
 "sha2",
 "tri-mesh",
]

[[package]]
name = "parity-scale-codec"
version = "2.3.1"
source = "registry+https://github.com/rust-lang/crates.io-index"
checksum = "373b1a4c1338d9cd3d1fa53b3a11bdab5ab6bd80a20f7f7becd76953ae2be909"
dependencies = [
 "arrayvec",
 "bitvec",
 "byte-slice-cast",
 "impl-trait-for-tuples",
 "serde",
]

[[package]]
name = "pass3d"
version = "0.1.0"
dependencies = [
 "cgmath 0.18.0 (registry+https://github.com/rust-lang/crates.io-index)",
 "ecies-ed25519",
 "genmesh",
 "libc",
 "p3d",
 "parity-scale-codec",
 "rand 0.7.3",
 "schnorrkel",
 "structopt",
]

[[package]]
name = "peroxide"
version = "0.30.9"
source = "git+https://github.com/3Dpass/Peroxide?branch=devel#3f33fda43b889858fe1e51125f3b79d85a97849b"
dependencies = [
 "lexical",
 "libm 0.2.5",
 "matrixmultiply",
 "num-traits 0.2.15",
 "order-stat",
 "peroxide-ad",
 "puruspe",
 "rand 0.8.5",
 "rand_distr",
]

[[package]]
name = "peroxide-ad"
version = "0.3.0"
source = "registry+https://github.com/rust-lang/crates.io-index"
checksum = "f6fba8ff3f40b67996f7c745f699babaa3e57ef5c8178ec999daf7eedc51dc8c"
dependencies = [
 "quote",
 "syn 1.0.99",
]

[[package]]
name = "polyval"
version = "0.4.5"
source = "registry+https://github.com/rust-lang/crates.io-index"
checksum = "eebcc4aa140b9abd2bc40d9c3f7ccec842679cd79045ac3a7ac698c1a064b7cd"
dependencies = [
 "cpuid-bool",
 "opaque-debug",
 "universal-hash",
]

[[package]]
name = "ppv-lite86"
version = "0.2.16"
source = "registry+https://github.com/rust-lang/crates.io-index"
checksum = "eb9f9e6e233e5c4a35559a617bf40a4ec447db2e84c20b55a6f83167b7e57872"

[[package]]
name = "proc-macro-error"
version = "1.0.4"
source = "registry+https://github.com/rust-lang/crates.io-index"
checksum = "da25490ff9892aab3fcf7c36f08cfb902dd3e71ca0f9f9517bea02a73a5ce38c"
dependencies = [
 "proc-macro-error-attr",
 "proc-macro2",
 "quote",
 "syn 1.0.99",
 "version_check",
]

[[package]]
name = "proc-macro-error-attr"
version = "1.0.4"
source = "registry+https://github.com/rust-lang/crates.io-index"
checksum = "a1be40180e52ecc98ad80b184934baf3d0d29f979574e439af5a55274b35f869"
dependencies = [
 "proc-macro2",
 "quote",
 "version_check",
]

[[package]]
name = "proc-macro2"
version = "1.0.59"
source = "registry+https://github.com/rust-lang/crates.io-index"
checksum = "6aeca18b86b413c660b781aa319e4e2648a3e6f9eadc9b47e9038e6fe9f3451b"
dependencies = [
 "unicode-ident",
]

[[package]]
name = "puruspe"
version = "0.1.5"
source = "git+https://github.com/3Dpass/puruspe?branch=dev#998a72ee5329f62e2703cf82f1f5d54925f4e225"
dependencies = [
 "libm 0.1.4",
]

[[package]]
name = "quote"
version = "1.0.28"
source = "registry+https://github.com/rust-lang/crates.io-index"
checksum = "1b9ab9c7eadfd8df19006f1cf1a4aed13540ed5cbc047010ece5826e10825488"
dependencies = [
 "proc-macro2",
]

[[package]]
name = "radium"
version = "0.6.2"
source = "registry+https://github.com/rust-lang/crates.io-index"
checksum = "643f8f41a8ebc4c5dc4515c82bb8abd397b527fc20fd681b7c011c2aee5d44fb"

[[package]]
name = "rand"
version = "0.4.6"
source = "registry+https://github.com/rust-lang/crates.io-index"
checksum = "552840b97013b1a26992c11eac34bdd778e464601a4c2054b5f0bff7c6761293"
dependencies = [
 "fuchsia-cprng",
 "libc",
 "rand_core 0.3.1",
 "rdrand",
 "winapi",
]

[[package]]
name = "rand"
version = "0.7.3"
source = "registry+https://github.com/rust-lang/crates.io-index"
checksum = "6a6b1679d49b24bbfe0c803429aa1874472f50d9b363131f0e89fc356b544d03"
dependencies = [
 "getrandom 0.1.16",
 "libc",
 "rand_chacha",
 "rand_core 0.5.1",
 "rand_hc",
]

[[package]]
name = "rand"
version = "0.8.5"
source = "registry+https://github.com/rust-lang/crates.io-index"
checksum = "34af8d1a0e25924bc5b7c43c079c942339d8f0a8b57c39049bef581b46327404"
dependencies = [
 "rand_core 0.6.3",
]

[[package]]
name = "rand_chacha"
version = "0.2.2"
source = "registry+https://github.com/rust-lang/crates.io-index"
checksum = "f4c8ed856279c9737206bf725bf36935d8666ead7aa69b52be55af369d193402"
dependencies = [
 "ppv-lite86",
 "rand_core 0.5.1",
]

[[package]]
name = "rand_core"
version = "0.3.1"
source = "registry+https://github.com/rust-lang/crates.io-index"
checksum = "7a6fdeb83b075e8266dcc8762c22776f6877a63111121f5f8c7411e5be7eed4b"
dependencies = [
 "rand_core 0.4.2",
]

[[package]]
name = "rand_core"
version = "0.4.2"
source = "registry+https://github.com/rust-lang/crates.io-index"
checksum = "9c33a3c44ca05fa6f1807d8e6743f3824e8509beca625669633be0acbdf509dc"

[[package]]
name = "rand_core"
version = "0.5.1"
source = "registry+https://github.com/rust-lang/crates.io-index"
checksum = "90bde5296fc891b0cef12a6d03ddccc162ce7b2aff54160af9338f8d40df6d19"
dependencies = [
 "getrandom 0.1.16",
]

[[package]]
name = "rand_core"
version = "0.6.3"
source = "registry+https://github.com/rust-lang/crates.io-index"
checksum = "d34f1408f55294453790c48b2f1ebbb1c5b4b7563eb1f418bcfcfdbb06ebb4e7"
dependencies = [
 "getrandom 0.2.7",
]

[[package]]
name = "rand_distr"
version = "0.4.3"
source = "registry+https://github.com/rust-lang/crates.io-index"
checksum = "32cb0b9bc82b0a0876c2dd994a7e7a2683d3e7390ca40e6886785ef0c7e3ee31"
dependencies = [
 "num-traits 0.2.15",
 "rand 0.8.5",
]

[[package]]
name = "rand_hc"
version = "0.2.0"
source = "registry+https://github.com/rust-lang/crates.io-index"
checksum = "ca3129af7b92a17112d59ad498c6f81eaf463253766b90396d39ea7a39d6613c"
dependencies = [
 "rand_core 0.5.1",
]

[[package]]
name = "rawpointer"
version = "0.2.1"
source = "registry+https://github.com/rust-lang/crates.io-index"
checksum = "60a357793950651c4ed0f3f52338f53b2f809f32d83a07f72909fa13e4c6c1e3"

[[package]]
name = "rdrand"
version = "0.4.0"
source = "registry+https://github.com/rust-lang/crates.io-index"
checksum = "678054eb77286b51581ba43620cc911abf02758c91f93f479767aed0f90458b2"
dependencies = [
 "rand_core 0.3.1",
]

[[package]]
name = "schnorrkel"
version = "0.10.2"
source = "registry+https://github.com/rust-lang/crates.io-index"
checksum = "844b7645371e6ecdf61ff246ba1958c29e802881a749ae3fb1993675d210d28d"
dependencies = [
 "arrayref",
 "arrayvec",
 "curve25519-dalek-ng",
 "merlin",
 "rand_core 0.6.3",
 "serde_bytes",
 "sha2",
 "subtle-ng",
 "zeroize",
]

[[package]]
name = "serde"
version = "1.0.144"
source = "registry+https://github.com/rust-lang/crates.io-index"
checksum = "0f747710de3dcd43b88c9168773254e809d8ddbdf9653b84e2554ab219f17860"

[[package]]
name = "serde_bytes"
version = "0.11.9"
source = "registry+https://github.com/rust-lang/crates.io-index"
checksum = "416bda436f9aab92e02c8e10d49a15ddd339cea90b6e340fe51ed97abb548294"
dependencies = [
 "serde",
]

[[package]]
name = "sha2"
version = "0.9.9"
source = "registry+https://github.com/rust-lang/crates.io-index"
checksum = "4d58a1e1bf39749807d89cf2d98ac2dfa0ff1cb3faa38fbb64dd88ac8013d800"
dependencies = [
 "block-buffer",
 "cfg-if",
 "cpufeatures",
 "digest",
 "opaque-debug",
]

[[package]]
name = "static_assertions"
version = "1.1.0"
source = "registry+https://github.com/rust-lang/crates.io-index"
checksum = "a2eb9349b6444b326872e140eb1cf5e7c522154d69e7a0ffb0fb81c06b37543f"

[[package]]
name = "strsim"
version = "0.8.0"
source = "registry+https://github.com/rust-lang/crates.io-index"
checksum = "8ea5119cdb4c55b55d432abb513a0429384878c15dde60cc77b1c99de1a95a6a"

[[package]]
name = "structopt"
version = "0.3.26"
source = "registry+https://github.com/rust-lang/crates.io-index"
checksum = "0c6b5c64445ba8094a6ab0c3cd2ad323e07171012d9c98b0b15651daf1787a10"
dependencies = [
 "clap",
 "lazy_static",
 "structopt-derive",
]

[[package]]
name = "structopt-derive"
version = "0.4.18"
source = "registry+https://github.com/rust-lang/crates.io-index"
checksum = "dcb5ae327f9cc13b68763b5749770cb9e048a99bd9dfdfa58d0cf05d5f64afe0"
dependencies = [
 "heck",
 "proc-macro-error",
 "proc-macro2",
 "quote",
 "syn 1.0.99",
]

[[package]]
name = "subtle"
version = "2.4.1"
source = "registry+https://github.com/rust-lang/crates.io-index"
checksum = "6bdef32e8150c2a081110b42772ffe7d7c9032b606bc226c8260fd97e0976601"

[[package]]
name = "subtle-ng"
version = "2.5.0"
source = "registry+https://github.com/rust-lang/crates.io-index"
checksum = "734676eb262c623cec13c3155096e08d1f8f29adce39ba17948b18dad1e54142"

[[package]]
name = "syn"
version = "1.0.99"
source = "registry+https://github.com/rust-lang/crates.io-index"
checksum = "58dbef6ec655055e20b86b15a8cc6d439cca19b667537ac6a1369572d151ab13"
dependencies = [
 "proc-macro2",
 "quote",
 "unicode-ident",
]

[[package]]
name = "syn"
version = "2.0.18"
source = "registry+https://github.com/rust-lang/crates.io-index"
checksum = "32d41677bcbe24c20c52e7c70b0d8db04134c5d1066bf98662e2871ad200ea3e"
dependencies = [
 "proc-macro2",
 "quote",
 "unicode-ident",
]

[[package]]
name = "tap"
version = "1.0.1"
source = "registry+https://github.com/rust-lang/crates.io-index"
checksum = "55937e1799185b12863d447f42597ed69d9928686b8d88a1df17376a097d8369"

[[package]]
name = "textwrap"
version = "0.11.0"
source = "registry+https://github.com/rust-lang/crates.io-index"
checksum = "d326610f408c7a4eb6f51c37c330e496b08506c9457c9d34287ecc38809fb060"
dependencies = [
 "unicode-width",
]

[[package]]
name = "thiserror"
version = "1.0.40"
source = "registry+https://github.com/rust-lang/crates.io-index"
checksum = "978c9a314bd8dc99be594bc3c175faaa9794be04a5a5e153caba6915336cebac"
dependencies = [
 "thiserror-impl",
]

[[package]]
name = "thiserror-impl"
version = "1.0.40"
source = "registry+https://github.com/rust-lang/crates.io-index"
checksum = "f9456a42c5b0d803c8cd86e73dd7cc9edd429499f37a3550d286d5e86720569f"
dependencies = [
 "proc-macro2",
 "quote",
 "syn 2.0.18",
]

[[package]]
name = "tri-mesh"
version = "0.5.0"
source = "git+https://github.com/3Dpass/tri-mesh?branch=dev#faf897785d2c3aa66a24a0043f1076c3fb7d2c52"
dependencies = [
 "cgmath 0.18.0 (git+https://github.com/3Dpass/cgmath?branch=master)",
]

[[package]]
name = "typenum"
version = "1.15.0"
source = "registry+https://github.com/rust-lang/crates.io-index"
checksum = "dcf81ac59edc17cc8697ff311e8f5ef2d99fcbd9817b34cec66f90b6c3dfd987"

[[package]]
name = "unicode-ident"
version = "1.0.3"
source = "registry+https://github.com/rust-lang/crates.io-index"
checksum = "c4f5b37a154999a8f3f98cc23a628d850e154479cd94decf3414696e12e31aaf"

[[package]]
name = "unicode-segmentation"
version = "1.9.0"
source = "registry+https://github.com/rust-lang/crates.io-index"
checksum = "7e8820f5d777f6224dc4be3632222971ac30164d4a258d595640799554ebfd99"

[[package]]
name = "unicode-width"
version = "0.1.9"
source = "registry+https://github.com/rust-lang/crates.io-index"
checksum = "3ed742d4ea2bd1176e236172c8429aaf54486e7ac098db29ffe6529e0ce50973"

[[package]]
name = "universal-hash"
version = "0.4.1"
source = "registry+https://github.com/rust-lang/crates.io-index"
checksum = "9f214e8f697e925001e66ec2c6e37a4ef93f0f78c2eed7814394e10c62025b05"
dependencies = [
 "generic-array",
 "subtle",
]

[[package]]
name = "vec_map"
version = "0.8.2"
source = "registry+https://github.com/rust-lang/crates.io-index"
checksum = "f1bddf1187be692e79c5ffeab891132dfb0f236ed36a43c7ed39f1165ee20191"

[[package]]
name = "version_check"
version = "0.9.4"
source = "registry+https://github.com/rust-lang/crates.io-index"
checksum = "49874b5167b65d7193b8aba1567f5c7d93d001cafc34600cee003eda787e483f"

[[package]]
name = "wasi"
version = "0.9.0+wasi-snapshot-preview1"
source = "registry+https://github.com/rust-lang/crates.io-index"
checksum = "cccddf32554fecc6acb585f82a32a72e28b48f8c4c1883ddfeeeaa96f7d8e519"

[[package]]
name = "wasi"
version = "0.11.0+wasi-snapshot-preview1"
source = "registry+https://github.com/rust-lang/crates.io-index"
checksum = "9c8d87e72b64a3b4db28d11ce29237c246188f4f51057d65a7eab63b7987e423"

[[package]]
name = "winapi"
version = "0.3.9"
source = "registry+https://github.com/rust-lang/crates.io-index"
checksum = "5c839a674fcd7a98952e593242ea400abe93992746761e38641405d28b00f419"
dependencies = [
 "winapi-i686-pc-windows-gnu",
 "winapi-x86_64-pc-windows-gnu",
]

[[package]]
name = "winapi-i686-pc-windows-gnu"
version = "0.4.0"
source = "registry+https://github.com/rust-lang/crates.io-index"
checksum = "ac3b87c63620426dd9b991e5ce0329eff545bccbbb34f3be09ff6fb6ab51b7b6"

[[package]]
name = "winapi-x86_64-pc-windows-gnu"
version = "0.4.0"
source = "registry+https://github.com/rust-lang/crates.io-index"
checksum = "712e227841d057c1ee1cd2fb22fa7e5a5461ae8e48fa2ca79ec42cfc1931183f"

[[package]]
name = "wyz"
version = "0.2.0"
source = "registry+https://github.com/rust-lang/crates.io-index"
checksum = "85e60b0d1b5f99db2556934e21937020776a5d31520bf169e851ac44e6420214"

[[package]]
name = "zeroize"
version = "1.6.0"
source = "registry+https://github.com/rust-lang/crates.io-index"
checksum = "2a0956f1ba7c7909bfb66c2e9e4124ab6f6482560f6628b5aaeba39207c9aad9"
dependencies = [
 "zeroize_derive",
]

[[package]]
name = "zeroize_derive"
version = "1.4.2"
source = "registry+https://github.com/rust-lang/crates.io-index"
checksum = "ce36e65b0d2999d2aafac989fb249189a141aee1f53c612c1f37d72631959f69"
dependencies = [
 "proc-macro2",
 "quote",
 "syn 2.0.18",
]
